
Microsoft Visual Studio Solution File, Format Version 12.00
# Visual Studio Version 16
VisualStudioVersion = 16.0.31702.278
MinimumVisualStudioVersion = 10.0.40219.1
Project("{9A19103F-16F7-4668-BE54-9A1E7A4F7556}") = "EventApp", "EventApp\EventApp.csproj", "{C31AB5DE-3718-4E0E-85DE-203E1144C808}"
EndProject
Project("{9A19103F-16F7-4668-BE54-9A1E7A4F7556}") = "EventApp.Data", "EventApp.Data\EventApp.Data.csproj", "{F06F1E85-A2E9-48AD-BA22-7FFA4D7FEAF8}"
EndProject
Project("{9A19103F-16F7-4668-BE54-9A1E7A4F7556}") = "EventApp.Models", "EventApp.Models\EventApp.Models.csproj", "{D91B6752-41A9-4705-8AEF-7334F3B64442}"
EndProject
Project("{9A19103F-16F7-4668-BE54-9A1E7A4F7556}") = "EventApp.Data.Tests", "EventApp.Data.Tests\EventApp.Data.Tests.csproj", "{31590873-5C88-4EEC-B734-08DC8497B9BE}"
EndProject
Project("{FAE04EC0-301F-11D3-BF4B-00C04F79EFBC}") = "EventApp.Tests", "EventApp.Tests\EventApp.Tests.csproj", "{FF0DE8AD-505A-41D5-A265-DA5E1BB32F71}"
EndProject
Global
	GlobalSection(SolutionConfigurationPlatforms) = preSolution
		Debug|Any CPU = Debug|Any CPU
		Release|Any CPU = Release|Any CPU
	EndGlobalSection
	GlobalSection(ProjectConfigurationPlatforms) = postSolution
		{C31AB5DE-3718-4E0E-85DE-203E1144C808}.Debug|Any CPU.ActiveCfg = Debug|Any CPU
		{C31AB5DE-3718-4E0E-85DE-203E1144C808}.Debug|Any CPU.Build.0 = Debug|Any CPU
		{C31AB5DE-3718-4E0E-85DE-203E1144C808}.Release|Any CPU.ActiveCfg = Release|Any CPU
		{C31AB5DE-3718-4E0E-85DE-203E1144C808}.Release|Any CPU.Build.0 = Release|Any CPU
		{F06F1E85-A2E9-48AD-BA22-7FFA4D7FEAF8}.Debug|Any CPU.ActiveCfg = Debug|Any CPU
		{F06F1E85-A2E9-48AD-BA22-7FFA4D7FEAF8}.Debug|Any CPU.Build.0 = Debug|Any CPU
		{F06F1E85-A2E9-48AD-BA22-7FFA4D7FEAF8}.Release|Any CPU.ActiveCfg = Release|Any CPU
		{F06F1E85-A2E9-48AD-BA22-7FFA4D7FEAF8}.Release|Any CPU.Build.0 = Release|Any CPU
		{D91B6752-41A9-4705-8AEF-7334F3B64442}.Debug|Any CPU.ActiveCfg = Debug|Any CPU
		{D91B6752-41A9-4705-8AEF-7334F3B64442}.Debug|Any CPU.Build.0 = Debug|Any CPU
		{D91B6752-41A9-4705-8AEF-7334F3B64442}.Release|Any CPU.ActiveCfg = Release|Any CPU
		{D91B6752-41A9-4705-8AEF-7334F3B64442}.Release|Any CPU.Build.0 = Release|Any CPU
		{31590873-5C88-4EEC-B734-08DC8497B9BE}.Debug|Any CPU.ActiveCfg = Debug|Any CPU
		{31590873-5C88-4EEC-B734-08DC8497B9BE}.Debug|Any CPU.Build.0 = Debug|Any CPU
		{31590873-5C88-4EEC-B734-08DC8497B9BE}.Release|Any CPU.ActiveCfg = Release|Any CPU
		{31590873-5C88-4EEC-B734-08DC8497B9BE}.Release|Any CPU.Build.0 = Release|Any CPU
		{FF0DE8AD-505A-41D5-A265-DA5E1BB32F71}.Debug|Any CPU.ActiveCfg = Debug|Any CPU
		{FF0DE8AD-505A-41D5-A265-DA5E1BB32F71}.Debug|Any CPU.Build.0 = Debug|Any CPU
		{FF0DE8AD-505A-41D5-A265-DA5E1BB32F71}.Release|Any CPU.ActiveCfg = Release|Any CPU
		{FF0DE8AD-505A-41D5-A265-DA5E1BB32F71}.Release|Any CPU.Build.0 = Release|Any CPU
	EndGlobalSection
	GlobalSection(SolutionProperties) = preSolution
		HideSolutionNode = FALSE
	EndGlobalSection
	GlobalSection(ExtensibilityGlobals) = postSolution
		SolutionGuid = {18E45C87-004F-45BB-8F6A-90EF4E361BB2}
	EndGlobalSection
EndGlobal
